
Microsoft Visual Studio Solution File, Format Version 12.00
# Visual Studio 15
Project("{FAE04EC0-301F-11D3-BF4B-00C04F79EFBC}") = "Assembly-CSharp", "Assembly-CSharp.csproj", "{D9DB949A-504B-D9AC-8A42-D1AAD08AEDC6}"
EndProject
Project("{FAE04EC0-301F-11D3-BF4B-00C04F79EFBC}") = "Assembly-CSharp-firstpass", "Assembly-CSharp-firstpass.csproj", "{8B187833-57AC-18FC-834E-E763C6F3394A}"
EndProject
Global
	GlobalSection(SolutionConfigurationPlatforms) = preSolution
		Debug|Any CPU = Debug|Any CPU
		Release|Any CPU = Release|Any CPU
	EndGlobalSection
	GlobalSection(ProjectConfigurationPlatforms) = postSolution
		{D9DB949A-504B-D9AC-8A42-D1AAD08AEDC6}.Debug|Any CPU.ActiveCfg = Debug|Any CPU
		{D9DB949A-504B-D9AC-8A42-D1AAD08AEDC6}.Debug|Any CPU.Build.0 = Debug|Any CPU
		{D9DB949A-504B-D9AC-8A42-D1AAD08AEDC6}.Release|Any CPU.ActiveCfg = Release|Any CPU
		{D9DB949A-504B-D9AC-8A42-D1AAD08AEDC6}.Release|Any CPU.Build.0 = Release|Any CPU
		{8B187833-57AC-18FC-834E-E763C6F3394A}.Debug|Any CPU.ActiveCfg = Debug|Any CPU
		{8B187833-57AC-18FC-834E-E763C6F3394A}.Debug|Any CPU.Build.0 = Debug|Any CPU
		{8B187833-57AC-18FC-834E-E763C6F3394A}.Release|Any CPU.ActiveCfg = Release|Any CPU
		{8B187833-57AC-18FC-834E-E763C6F3394A}.Release|Any CPU.Build.0 = Release|Any CPU
	EndGlobalSection
	GlobalSection(SolutionProperties) = preSolution
		HideSolutionNode = FALSE
	EndGlobalSection
EndGlobal
